
Microsoft Visual Studio Solution File, Format Version 11.00
# Visual Studio 2010
Project("{8BC9CEB8-8B4A-11D0-8D11-00A0C91BC942}") = "Patience", "Patience.vcxproj", "{8C469DB2-160E-4C80-80C0-401A2432F1BE}"
EndProject
Global
	GlobalSection(SolutionConfigurationPlatforms) = preSolution
		Debug|Win32 = Debug|Win32
		Release|Win32 = Release|Win32
	EndGlobalSection
	GlobalSection(ProjectConfigurationPlatforms) = postSolution
		{8C469DB2-160E-4C80-80C0-401A2432F1BE}.Debug|Win32.ActiveCfg = Debug|Win32
		{8C469DB2-160E-4C80-80C0-401A2432F1BE}.Debug|Win32.Build.0 = Debug|Win32
		{8C469DB2-160E-4C80-80C0-401A2432F1BE}.Release|Win32.ActiveCfg = Release|Win32
		{8C469DB2-160E-4C80-80C0-401A2432F1BE}.Release|Win32.Build.0 = Release|Win32
	EndGlobalSection
	GlobalSection(SolutionProperties) = preSolution
		HideSolutionNode = FALSE
	EndGlobalSection
EndGlobal
